// !$*UTF8*$!
{
	archiveVersion = 1;
	classes = {
	};
	objectVersion = 77;
	objects = {

/* Begin PBXContainerItemProxy section */
		7AC827922C9E36A3002FE1A8 /* PBXContainerItemProxy */ = {
			isa = PBXContainerItemProxy;
			containerPortal = 7AC827762C9E36A2002FE1A8 /* Project object */;
			proxyType = 1;
			remoteGlobalIDString = 7AC8277D2C9E36A2002FE1A8;
			remoteInfo = JiraMuraller;
		};
		7AC8279C2C9E36A3002FE1A8 /* PBXContainerItemProxy */ = {
			isa = PBXContainerItemProxy;
			containerPortal = 7AC827762C9E36A2002FE1A8 /* Project object */;
			proxyType = 1;
			remoteGlobalIDString = 7AC8277D2C9E36A2002FE1A8;
			remoteInfo = JiraMuraller;
		};
/* End PBXContainerItemProxy section */

/* Begin PBXFileReference section */
		7AC8277E2C9E36A2002FE1A8 /* JiraMuraller.app */ = {isa = PBXFileReference; explicitFileType = wrapper.application; includeInIndex = 0; path = JiraMuraller.app; sourceTree = BUILT_PRODUCTS_DIR; };
		7AC827912C9E36A3002FE1A8 /* JiraMurallerTests.xctest */ = {isa = PBXFileReference; explicitFileType = wrapper.cfbundle; includeInIndex = 0; path = JiraMurallerTests.xctest; sourceTree = BUILT_PRODUCTS_DIR; };
		7AC8279B2C9E36A3002FE1A8 /* JiraMurallerUITests.xctest */ = {isa = PBXFileReference; explicitFileType = wrapper.cfbundle; includeInIndex = 0; path = JiraMurallerUITests.xctest; sourceTree = BUILT_PRODUCTS_DIR; };
/* End PBXFileReference section */

/* Begin PBXFileSystemSynchronizedRootGroup section */
		7AC827802C9E36A2002FE1A8 /* JiraMuraller */ = {
			isa = PBXFileSystemSynchronizedRootGroup;
			path = JiraMuraller;
			sourceTree = "<group>";
		};
		7AC827942C9E36A3002FE1A8 /* JiraMurallerTests */ = {
			isa = PBXFileSystemSynchronizedRootGroup;
			path = JiraMurallerTests;
			sourceTree = "<group>";
		};
		7AC8279E2C9E36A3002FE1A8 /* JiraMurallerUITests */ = {
			isa = PBXFileSystemSynchronizedRootGroup;
			path = JiraMurallerUITests;
			sourceTree = "<group>";
		};
/* End PBXFileSystemSynchronizedRootGroup section */

/* Begin PBXFrameworksBuildPhase section */
		7AC8277B2C9E36A2002FE1A8 /* Frameworks */ = {
			isa = PBXFrameworksBuildPhase;
			buildActionMask = 2147483647;
			files = (
			);
			runOnlyForDeploymentPostprocessing = 0;
		};
		7AC8278E2C9E36A3002FE1A8 /* Frameworks */ = {
			isa = PBXFrameworksBuildPhase;
			buildActionMask = 2147483647;
			files = (
			);
			runOnlyForDeploymentPostprocessing = 0;
		};
		7AC827982C9E36A3002FE1A8 /* Frameworks */ = {
			isa = PBXFrameworksBuildPhase;
			buildActionMask = 2147483647;
			files = (
			);
			runOnlyForDeploymentPostprocessing = 0;
		};
/* End PBXFrameworksBuildPhase section */

/* Begin PBXGroup section */
		7AC827752C9E36A2002FE1A8 = {
			isa = PBXGroup;
			children = (
				7AC827802C9E36A2002FE1A8 /* JiraMuraller */,
				7AC827942C9E36A3002FE1A8 /* JiraMurallerTests */,
				7AC8279E2C9E36A3002FE1A8 /* JiraMurallerUITests */,
				7AC8277F2C9E36A2002FE1A8 /* Products */,
			);
			sourceTree = "<group>";
		};
		7AC8277F2C9E36A2002FE1A8 /* Products */ = {
			isa = PBXGroup;
			children = (
				7AC8277E2C9E36A2002FE1A8 /* JiraMuraller.app */,
				7AC827912C9E36A3002FE1A8 /* JiraMurallerTests.xctest */,
				7AC8279B2C9E36A3002FE1A8 /* JiraMurallerUITests.xctest */,
			);
			name = Products;
			sourceTree = "<group>";
		};
/* End PBXGroup section */

/* Begin PBXNativeTarget section */
		7AC8277D2C9E36A2002FE1A8 /* JiraMuraller */ = {
			isa = PBXNativeTarget;
			buildConfigurationList = 7AC827A52C9E36A3002FE1A8 /* Build configuration list for PBXNativeTarget "JiraMuraller" */;
			buildPhases = (
				7AC8277A2C9E36A2002FE1A8 /* Sources */,
				7AC8277B2C9E36A2002FE1A8 /* Frameworks */,
				7AC8277C2C9E36A2002FE1A8 /* Resources */,
			);
			buildRules = (
			);
			dependencies = (
			);
			fileSystemSynchronizedGroups = (
				7AC827802C9E36A2002FE1A8 /* JiraMuraller */,
			);
			name = JiraMuraller;
			packageProductDependencies = (
			);
			productName = JiraMuraller;
			productReference = 7AC8277E2C9E36A2002FE1A8 /* JiraMuraller.app */;
			productType = "com.apple.product-type.application";
		};
		7AC827902C9E36A3002FE1A8 /* JiraMurallerTests */ = {
			isa = PBXNativeTarget;
			buildConfigurationList = 7AC827A82C9E36A3002FE1A8 /* Build configuration list for PBXNativeTarget "JiraMurallerTests" */;
			buildPhases = (
				7AC8278D2C9E36A3002FE1A8 /* Sources */,
				7AC8278E2C9E36A3002FE1A8 /* Frameworks */,
				7AC8278F2C9E36A3002FE1A8 /* Resources */,
			);
			buildRules = (
			);
			dependencies = (
				7AC827932C9E36A3002FE1A8 /* PBXTargetDependency */,
			);
			fileSystemSynchronizedGroups = (
				7AC827942C9E36A3002FE1A8 /* JiraMurallerTests */,
			);
			name = JiraMurallerTests;
			packageProductDependencies = (
			);
			productName = JiraMurallerTests;
			productReference = 7AC827912C9E36A3002FE1A8 /* JiraMurallerTests.xctest */;
			productType = "com.apple.product-type.bundle.unit-test";
		};
		7AC8279A2C9E36A3002FE1A8 /* JiraMurallerUITests */ = {
			isa = PBXNativeTarget;
			buildConfigurationList = 7AC827AB2C9E36A3002FE1A8 /* Build configuration list for PBXNativeTarget "JiraMurallerUITests" */;
			buildPhases = (
				7AC827972C9E36A3002FE1A8 /* Sources */,
				7AC827982C9E36A3002FE1A8 /* Frameworks */,
				7AC827992C9E36A3002FE1A8 /* Resources */,
			);
			buildRules = (
			);
			dependencies = (
				7AC8279D2C9E36A3002FE1A8 /* PBXTargetDependency */,
			);
			fileSystemSynchronizedGroups = (
				7AC8279E2C9E36A3002FE1A8 /* JiraMurallerUITests */,
			);
			name = JiraMurallerUITests;
			packageProductDependencies = (
			);
			productName = JiraMurallerUITests;
			productReference = 7AC8279B2C9E36A3002FE1A8 /* JiraMurallerUITests.xctest */;
			productType = "com.apple.product-type.bundle.ui-testing";
		};
/* End PBXNativeTarget section */

/* Begin PBXProject section */
		7AC827762C9E36A2002FE1A8 /* Project object */ = {
			isa = PBXProject;
			attributes = {
				BuildIndependentTargetsInParallel = 1;
				LastSwiftUpdateCheck = 1600;
				LastUpgradeCheck = 1600;
				TargetAttributes = {
					7AC8277D2C9E36A2002FE1A8 = {
						CreatedOnToolsVersion = 16.0;
					};
					7AC827902C9E36A3002FE1A8 = {
						CreatedOnToolsVersion = 16.0;
						TestTargetID = 7AC8277D2C9E36A2002FE1A8;
					};
					7AC8279A2C9E36A3002FE1A8 = {
						CreatedOnToolsVersion = 16.0;
						TestTargetID = 7AC8277D2C9E36A2002FE1A8;
					};
				};
			};
			buildConfigurationList = 7AC827792C9E36A2002FE1A8 /* Build configuration list for PBXProject "JiraMuraller" */;
			developmentRegion = en;
			hasScannedForEncodings = 0;
			knownRegions = (
				en,
				Base,
			);
			mainGroup = 7AC827752C9E36A2002FE1A8;
			minimizedProjectReferenceProxies = 1;
			preferredProjectObjectVersion = 77;
			productRefGroup = 7AC8277F2C9E36A2002FE1A8 /* Products */;
			projectDirPath = "";
			projectRoot = "";
			targets = (
				7AC8277D2C9E36A2002FE1A8 /* JiraMuraller */,
				7AC827902C9E36A3002FE1A8 /* JiraMurallerTests */,
				7AC8279A2C9E36A3002FE1A8 /* JiraMurallerUITests */,
			);
		};
/* End PBXProject section */

/* Begin PBXResourcesBuildPhase section */
		7AC8277C2C9E36A2002FE1A8 /* Resources */ = {
			isa = PBXResourcesBuildPhase;
			buildActionMask = 2147483647;
			files = (
			);
			runOnlyForDeploymentPostprocessing = 0;
		};
		7AC8278F2C9E36A3002FE1A8 /* Resources */ = {
			isa = PBXResourcesBuildPhase;
			buildActionMask = 2147483647;
			files = (
			);
			runOnlyForDeploymentPostprocessing = 0;
		};
		7AC827992C9E36A3002FE1A8 /* Resources */ = {
			isa = PBXResourcesBuildPhase;
			buildActionMask = 2147483647;
			files = (
			);
			runOnlyForDeploymentPostprocessing = 0;
		};
/* End PBXResourcesBuildPhase section */

/* Begin PBXSourcesBuildPhase section */
		7AC8277A2C9E36A2002FE1A8 /* Sources */ = {
			isa = PBXSourcesBuildPhase;
			buildActionMask = 2147483647;
			files = (
			);
			runOnlyForDeploymentPostprocessing = 0;
		};
		7AC8278D2C9E36A3002FE1A8 /* Sources */ = {
			isa = PBXSourcesBuildPhase;
			buildActionMask = 2147483647;
			files = (
			);
			runOnlyForDeploymentPostprocessing = 0;
		};
		7AC827972C9E36A3002FE1A8 /* Sources */ = {
			isa = PBXSourcesBuildPhase;
			buildActionMask = 2147483647;
			files = (
			);
			runOnlyForDeploymentPostprocessing = 0;
		};
/* End PBXSourcesBuildPhase section */

/* Begin PBXTargetDependency section */
		7AC827932C9E36A3002FE1A8 /* PBXTargetDependency */ = {
			isa = PBXTargetDependency;
			target = 7AC8277D2C9E36A2002FE1A8 /* JiraMuraller */;
			targetProxy = 7AC827922C9E36A3002FE1A8 /* PBXContainerItemProxy */;
		};
		7AC8279D2C9E36A3002FE1A8 /* PBXTargetDependency */ = {
			isa = PBXTargetDependency;
			target = 7AC8277D2C9E36A2002FE1A8 /* JiraMuraller */;
			targetProxy = 7AC8279C2C9E36A3002FE1A8 /* PBXContainerItemProxy */;
		};
/* End PBXTargetDependency section */

/* Begin XCBuildConfiguration section */
		7AC827A32C9E36A3002FE1A8 /* Debug */ = {
			isa = XCBuildConfiguration;
			buildSettings = {
				ALWAYS_SEARCH_USER_PATHS = NO;
				ASSETCATALOG_COMPILER_GENERATE_SWIFT_ASSET_SYMBOL_EXTENSIONS = YES;
				CLANG_ANALYZER_NONNULL = YES;
				CLANG_ANALYZER_NUMBER_OBJECT_CONVERSION = YES_AGGRESSIVE;
				CLANG_CXX_LANGUAGE_STANDARD = "gnu++20";
				CLANG_ENABLE_MODULES = YES;
				CLANG_ENABLE_OBJC_ARC = YES;
				CLANG_ENABLE_OBJC_WEAK = YES;
				CLANG_WARN_BLOCK_CAPTURE_AUTORELEASING = YES;
				CLANG_WARN_BOOL_CONVERSION = YES;
				CLANG_WARN_COMMA = YES;
				CLANG_WARN_CONSTANT_CONVERSION = YES;
				CLANG_WARN_DEPRECATED_OBJC_IMPLEMENTATIONS = YES;
				CLANG_WARN_DIRECT_OBJC_ISA_USAGE = YES_ERROR;
				CLANG_WARN_DOCUMENTATION_COMMENTS = YES;
				CLANG_WARN_EMPTY_BODY = YES;
				CLANG_WARN_ENUM_CONVERSION = YES;
				CLANG_WARN_INFINITE_RECURSION = YES;
				CLANG_WARN_INT_CONVERSION = YES;
				CLANG_WARN_NON_LITERAL_NULL_CONVERSION = YES;
				CLANG_WARN_OBJC_IMPLICIT_RETAIN_SELF = YES;
				CLANG_WARN_OBJC_LITERAL_CONVERSION = YES;
				CLANG_WARN_OBJC_ROOT_CLASS = YES_ERROR;
				CLANG_WARN_QUOTED_INCLUDE_IN_FRAMEWORK_HEADER = YES;
				CLANG_WARN_RANGE_LOOP_ANALYSIS = YES;
				CLANG_WARN_STRICT_PROTOTYPES = YES;
				CLANG_WARN_SUSPICIOUS_MOVE = YES;
				CLANG_WARN_UNGUARDED_AVAILABILITY = YES_AGGRESSIVE;
				CLANG_WARN_UNREACHABLE_CODE = YES;
				CLANG_WARN__DUPLICATE_METHOD_MATCH = YES;
				COPY_PHASE_STRIP = NO;
				DEBUG_INFORMATION_FORMAT = dwarf;
				ENABLE_STRICT_OBJC_MSGSEND = YES;
				ENABLE_TESTABILITY = YES;
				ENABLE_USER_SCRIPT_SANDBOXING = YES;
				GCC_C_LANGUAGE_STANDARD = gnu17;
				GCC_DYNAMIC_NO_PIC = NO;
				GCC_NO_COMMON_BLOCKS = YES;
				GCC_OPTIMIZATION_LEVEL = 0;
				GCC_PREPROCESSOR_DEFINITIONS = (
					"DEBUG=1",
					"$(inherited)",
				);
				GCC_WARN_64_TO_32_BIT_CONVERSION = YES;
				GCC_WARN_ABOUT_RETURN_TYPE = YES_ERROR;
				GCC_WARN_UNDECLARED_SELECTOR = YES;
				GCC_WARN_UNINITIALIZED_AUTOS = YES_AGGRESSIVE;
				GCC_WARN_UNUSED_FUNCTION = YES;
				GCC_WARN_UNUSED_VARIABLE = YES;
				LOCALIZATION_PREFERS_STRING_CATALOGS = YES;
				MACOSX_DEPLOYMENT_TARGET = 15.0;
				MTL_ENABLE_DEBUG_INFO = INCLUDE_SOURCE;
				MTL_FAST_MATH = YES;
				ONLY_ACTIVE_ARCH = YES;
				SDKROOT = macosx;
				SWIFT_ACTIVE_COMPILATION_CONDITIONS = "DEBUG $(inherited)";
				SWIFT_OPTIMIZATION_LEVEL = "-Onone";
			};
			name = Debug;
		};
		7AC827A42C9E36A3002FE1A8 /* Release */ = {
			isa = XCBuildConfiguration;
			buildSettings = {
				ALWAYS_SEARCH_USER_PATHS = NO;
				ASSETCATALOG_COMPILER_GENERATE_SWIFT_ASSET_SYMBOL_EXTENSIONS = YES;
				CLANG_ANALYZER_NONNULL = YES;
				CLANG_ANALYZER_NUMBER_OBJECT_CONVERSION = YES_AGGRESSIVE;
				CLANG_CXX_LANGUAGE_STANDARD = "gnu++20";
				CLANG_ENABLE_MODULES = YES;
				CLANG_ENABLE_OBJC_ARC = YES;
				CLANG_ENABLE_OBJC_WEAK = YES;
				CLANG_WARN_BLOCK_CAPTURE_AUTORELEASING = YES;
				CLANG_WARN_BOOL_CONVERSION = YES;
				CLANG_WARN_COMMA = YES;
				CLANG_WARN_CONSTANT_CONVERSION = YES;
				CLANG_WARN_DEPRECATED_OBJC_IMPLEMENTATIONS = YES;
				CLANG_WARN_DIRECT_OBJC_ISA_USAGE = YES_ERROR;
				CLANG_WARN_DOCUMENTATION_COMMENTS = YES;
				CLANG_WARN_EMPTY_BODY = YES;
				CLANG_WARN_ENUM_CONVERSION = YES;
				CLANG_WARN_INFINITE_RECURSION = YES;
				CLANG_WARN_INT_CONVERSION = YES;
				CLANG_WARN_NON_LITERAL_NULL_CONVERSION = YES;
				CLANG_WARN_OBJC_IMPLICIT_RETAIN_SELF = YES;
				CLANG_WARN_OBJC_LITERAL_CONVERSION = YES;
				CLANG_WARN_OBJC_ROOT_CLASS = YES_ERROR;
				CLANG_WARN_QUOTED_INCLUDE_IN_FRAMEWORK_HEADER = YES;
				CLANG_WARN_RANGE_LOOP_ANALYSIS = YES;
				CLANG_WARN_STRICT_PROTOTYPES = YES;
				CLANG_WARN_SUSPICIOUS_MOVE = YES;
				CLANG_WARN_UNGUARDED_AVAILABILITY = YES_AGGRESSIVE;
				CLANG_WARN_UNREACHABLE_CODE = YES;
				CLANG_WARN__DUPLICATE_METHOD_MATCH = YES;
				COPY_PHASE_STRIP = NO;
				DEBUG_INFORMATION_FORMAT = "dwarf-with-dsym";
				ENABLE_NS_ASSERTIONS = NO;
				ENABLE_STRICT_OBJC_MSGSEND = YES;
				ENABLE_USER_SCRIPT_SANDBOXING = YES;
				GCC_C_LANGUAGE_STANDARD = gnu17;
				GCC_NO_COMMON_BLOCKS = YES;
				GCC_WARN_64_TO_32_BIT_CONVERSION = YES;
				GCC_WARN_ABOUT_RETURN_TYPE = YES_ERROR;
				GCC_WARN_UNDECLARED_SELECTOR = YES;
				GCC_WARN_UNINITIALIZED_AUTOS = YES_AGGRESSIVE;
				GCC_WARN_UNUSED_FUNCTION = YES;
				GCC_WARN_UNUSED_VARIABLE = YES;
				LOCALIZATION_PREFERS_STRING_CATALOGS = YES;
				MACOSX_DEPLOYMENT_TARGET = 15.0;
				MTL_ENABLE_DEBUG_INFO = NO;
				MTL_FAST_MATH = YES;
				SDKROOT = macosx;
				SWIFT_COMPILATION_MODE = wholemodule;
			};
			name = Release;
		};
		7AC827A62C9E36A3002FE1A8 /* Debug */ = {
			isa = XCBuildConfiguration;
			buildSettings = {
				ASSETCATALOG_COMPILER_APPICON_NAME = AppIcon;
				ASSETCATALOG_COMPILER_GLOBAL_ACCENT_COLOR_NAME = AccentColor;
				CODE_SIGN_ENTITLEMENTS = JiraMuraller/JiraMuraller.entitlements;
				CODE_SIGN_STYLE = Automatic;
				COMBINE_HIDPI_IMAGES = YES;
				CURRENT_PROJECT_VERSION = 1;
				DEVELOPMENT_ASSET_PATHS = "\"JiraMuraller/Preview Content\"";
				DEVELOPMENT_TEAM = F64CBX42UP;
				ENABLE_HARDENED_RUNTIME = YES;
				ENABLE_PREVIEWS = YES;
				GENERATE_INFOPLIST_FILE = YES;
				INFOPLIST_KEY_NSHumanReadableCopyright = "";
				LD_RUNPATH_SEARCH_PATHS = (
					"$(inherited)",
					"@executable_path/../Frameworks",
				);
				MACOSX_DEPLOYMENT_TARGET = 14.0;
				MARKETING_VERSION = 1.0;
				PRODUCT_BUNDLE_IDENTIFIER = ca.commons.JiraMuraller;
				PRODUCT_NAME = "$(TARGET_NAME)";
				SWIFT_EMIT_LOC_STRINGS = YES;
				SWIFT_VERSION = 5.0;
			};
			name = Debug;
		};
		7AC827A72C9E36A3002FE1A8 /* Release */ = {
			isa = XCBuildConfiguration;
			buildSettings = {
				ASSETCATALOG_COMPILER_APPICON_NAME = AppIcon;
				ASSETCATALOG_COMPILER_GLOBAL_ACCENT_COLOR_NAME = AccentColor;
				CODE_SIGN_ENTITLEMENTS = JiraMuraller/JiraMuraller.entitlements;
				CODE_SIGN_STYLE = Automatic;
				COMBINE_HIDPI_IMAGES = YES;
				CURRENT_PROJECT_VERSION = 1;
				DEVELOPMENT_ASSET_PATHS = "\"JiraMuraller/Preview Content\"";
				DEVELOPMENT_TEAM = F64CBX42UP;
				ENABLE_HARDENED_RUNTIME = YES;
				ENABLE_PREVIEWS = YES;
				GENERATE_INFOPLIST_FILE = YES;
				INFOPLIST_KEY_NSHumanReadableCopyright = "";
				LD_RUNPATH_SEARCH_PATHS = (
					"$(inherited)",
					"@executable_path/../Frameworks",
				);
				MACOSX_DEPLOYMENT_TARGET = 14.0;
				MARKETING_VERSION = 1.0;
				PRODUCT_BUNDLE_IDENTIFIER = ca.commons.JiraMuraller;
				PRODUCT_NAME = "$(TARGET_NAME)";
				SWIFT_EMIT_LOC_STRINGS = YES;
				SWIFT_VERSION = 5.0;
			};
			name = Release;
		};
		7AC827A92C9E36A3002FE1A8 /* Debug */ = {
			isa = XCBuildConfiguration;
			buildSettings = {
				BUNDLE_LOADER = "$(TEST_HOST)";
				CODE_SIGN_STYLE = Automatic;
				CURRENT_PROJECT_VERSION = 1;
				DEVELOPMENT_TEAM = F64CBX42UP;
				GENERATE_INFOPLIST_FILE = YES;
				MACOSX_DEPLOYMENT_TARGET = 14.0;
				MARKETING_VERSION = 1.0;
				PRODUCT_BUNDLE_IDENTIFIER = ca.commons.JiraMurallerTests;
				PRODUCT_NAME = "$(TARGET_NAME)";
				SWIFT_EMIT_LOC_STRINGS = NO;
				SWIFT_VERSION = 5.0;
				TEST_HOST = "$(BUILT_PRODUCTS_DIR)/JiraMuraller.app/$(BUNDLE_EXECUTABLE_FOLDER_PATH)/JiraMuraller";
			};
			name = Debug;
		};
		7AC827AA2C9E36A3002FE1A8 /* Release */ = {
			isa = XCBuildConfiguration;
			buildSettings = {
				BUNDLE_LOADER = "$(TEST_HOST)";
				CODE_SIGN_STYLE = Automatic;
				CURRENT_PROJECT_VERSION = 1;
				DEVELOPMENT_TEAM = F64CBX42UP;
				GENERATE_INFOPLIST_FILE = YES;
				MACOSX_DEPLOYMENT_TARGET = 14.0;
				MARKETING_VERSION = 1.0;
				PRODUCT_BUNDLE_IDENTIFIER = ca.commons.JiraMurallerTests;
				PRODUCT_NAME = "$(TARGET_NAME)";
				SWIFT_EMIT_LOC_STRINGS = NO;
				SWIFT_VERSION = 5.0;
				TEST_HOST = "$(BUILT_PRODUCTS_DIR)/JiraMuraller.app/$(BUNDLE_EXECUTABLE_FOLDER_PATH)/JiraMuraller";
			};
			name = Release;
		};
		7AC827AC2C9E36A3002FE1A8 /* Debug */ = {
			isa = XCBuildConfiguration;
			buildSettings = {
				CODE_SIGN_STYLE = Automatic;
				CURRENT_PROJECT_VERSION = 1;
				DEVELOPMENT_TEAM = F64CBX42UP;
				GENERATE_INFOPLIST_FILE = YES;
				MARKETING_VERSION = 1.0;
				PRODUCT_BUNDLE_IDENTIFIER = ca.commons.JiraMurallerUITests;
				PRODUCT_NAME = "$(TARGET_NAME)";
				SWIFT_EMIT_LOC_STRINGS = NO;
				SWIFT_VERSION = 5.0;
				TEST_TARGET_NAME = JiraMuraller;
			};
			name = Debug;
		};
		7AC827AD2C9E36A3002FE1A8 /* Release */ = {
			isa = XCBuildConfiguration;
			buildSettings = {
				CODE_SIGN_STYLE = Automatic;
				CURRENT_PROJECT_VERSION = 1;
				DEVELOPMENT_TEAM = F64CBX42UP;
				GENERATE_INFOPLIST_FILE = YES;
				MARKETING_VERSION = 1.0;
				PRODUCT_BUNDLE_IDENTIFIER = ca.commons.JiraMurallerUITests;
				PRODUCT_NAME = "$(TARGET_NAME)";
				SWIFT_EMIT_LOC_STRINGS = NO;
				SWIFT_VERSION = 5.0;
				TEST_TARGET_NAME = JiraMuraller;
			};
			name = Release;
		};
/* End XCBuildConfiguration section */

/* Begin XCConfigurationList section */
		7AC827792C9E36A2002FE1A8 /* Build configuration list for PBXProject "JiraMuraller" */ = {
			isa = XCConfigurationList;
			buildConfigurations = (
				7AC827A32C9E36A3002FE1A8 /* Debug */,
				7AC827A42C9E36A3002FE1A8 /* Release */,
			);
			defaultConfigurationIsVisible = 0;
			defaultConfigurationName = Release;
		};
		7AC827A52C9E36A3002FE1A8 /* Build configuration list for PBXNativeTarget "JiraMuraller" */ = {
			isa = XCConfigurationList;
			buildConfigurations = (
				7AC827A62C9E36A3002FE1A8 /* Debug */,
				7AC827A72C9E36A3002FE1A8 /* Release */,
			);
			defaultConfigurationIsVisible = 0;
			defaultConfigurationName = Release;
		};
		7AC827A82C9E36A3002FE1A8 /* Build configuration list for PBXNativeTarget "JiraMurallerTests" */ = {
			isa = XCConfigurationList;
			buildConfigurations = (
				7AC827A92C9E36A3002FE1A8 /* Debug */,
				7AC827AA2C9E36A3002FE1A8 /* Release */,
			);
			defaultConfigurationIsVisible = 0;
			defaultConfigurationName = Release;
		};
		7AC827AB2C9E36A3002FE1A8 /* Build configuration list for PBXNativeTarget "JiraMurallerUITests" */ = {
			isa = XCConfigurationList;
			buildConfigurations = (
				7AC827AC2C9E36A3002FE1A8 /* Debug */,
				7AC827AD2C9E36A3002FE1A8 /* Release */,
			);
			defaultConfigurationIsVisible = 0;
			defaultConfigurationName = Release;
		};
/* End XCConfigurationList section */
	};
	rootObject = 7AC827762C9E36A2002FE1A8 /* Project object */;
}
